// !$*UTF8*$!
{
	archiveVersion = 1;
	classes = {
	};
	objectVersion = 55;
	objects = {

/* Begin PBXBuildFile section */
		657CE3F9280196AE00702925 /* GameSettings.swift in Sources */ = {isa = PBXBuildFile; fileRef = 657CE3F8280196AE00702925 /* GameSettings.swift */; };
		657CE3FB280196C100702925 /* Game.swift in Sources */ = {isa = PBXBuildFile; fileRef = 657CE3FA280196C100702925 /* Game.swift */; };
		657CE3FE2801982F00702925 /* Cell.swift in Sources */ = {isa = PBXBuildFile; fileRef = 657CE3FD2801982F00702925 /* Cell.swift */; };
		657CE400280198F300702925 /* CellView.swift in Sources */ = {isa = PBXBuildFile; fileRef = 657CE3FF280198F300702925 /* CellView.swift */; };
		657CE40228019E7200702925 /* BoardView.swift in Sources */ = {isa = PBXBuildFile; fileRef = 657CE40128019E7200702925 /* BoardView.swift */; };
		65F159AD28009112001D4723 /* Watchsweeper WatchKit App.app in Embed Watch Content */ = {isa = PBXBuildFile; fileRef = 65F159AC28009112001D4723 /* Watchsweeper WatchKit App.app */; settings = {ATTRIBUTES = (RemoveHeadersOnCopy, ); }; };
		65F159B22800912C001D4723 /* Assets.xcassets in Resources */ = {isa = PBXBuildFile; fileRef = 65F159B12800912C001D4723 /* Assets.xcassets */; };
		65F159B82800912E001D4723 /* Watchsweeper WatchKit Extension.appex in Embed App Extensions */ = {isa = PBXBuildFile; fileRef = 65F159B72800912E001D4723 /* Watchsweeper WatchKit Extension.appex */; settings = {ATTRIBUTES = (RemoveHeadersOnCopy, ); }; };
		65F159BD2800912E001D4723 /* ContentView.swift in Sources */ = {isa = PBXBuildFile; fileRef = 65F159BC2800912E001D4723 /* ContentView.swift */; };
		65F159BF2800912E001D4723 /* WatchsweeperApp.swift in Sources */ = {isa = PBXBuildFile; fileRef = 65F159BE2800912E001D4723 /* WatchsweeperApp.swift */; };
		65F159C12800912E001D4723 /* ComplicationController.swift in Sources */ = {isa = PBXBuildFile; fileRef = 65F159C02800912E001D4723 /* ComplicationController.swift */; };
		65F159C328009132001D4723 /* Assets.xcassets in Resources */ = {isa = PBXBuildFile; fileRef = 65F159C228009132001D4723 /* Assets.xcassets */; };
		65F159C628009132001D4723 /* Preview Assets.xcassets in Resources */ = {isa = PBXBuildFile; fileRef = 65F159C528009132001D4723 /* Preview Assets.xcassets */; };
/* End PBXBuildFile section */

/* Begin PBXContainerItemProxy section */
		65F159AE28009112001D4723 /* PBXContainerItemProxy */ = {
			isa = PBXContainerItemProxy;
			containerPortal = 65F159A22800910F001D4723 /* Project object */;
			proxyType = 1;
			remoteGlobalIDString = 65F159AB28009112001D4723;
			remoteInfo = "Watchsweeper WatchKit App";
		};
		65F159B92800912E001D4723 /* PBXContainerItemProxy */ = {
			isa = PBXContainerItemProxy;
			containerPortal = 65F159A22800910F001D4723 /* Project object */;
			proxyType = 1;
			remoteGlobalIDString = 65F159B62800912E001D4723;
			remoteInfo = "Watchsweeper WatchKit Extension";
		};
/* End PBXContainerItemProxy section */

/* Begin PBXCopyFilesBuildPhase section */
		65F159CD28009132001D4723 /* Embed App Extensions */ = {
			isa = PBXCopyFilesBuildPhase;
			buildActionMask = 2147483647;
			dstPath = "";
			dstSubfolderSpec = 13;
			files = (
				65F159B82800912E001D4723 /* Watchsweeper WatchKit Extension.appex in Embed App Extensions */,
			);
			name = "Embed App Extensions";
			runOnlyForDeploymentPostprocessing = 0;
		};
		65F159D128009132001D4723 /* Embed Watch Content */ = {
			isa = PBXCopyFilesBuildPhase;
			buildActionMask = 2147483647;
			dstPath = "$(CONTENTS_FOLDER_PATH)/Watch";
			dstSubfolderSpec = 16;
			files = (
				65F159AD28009112001D4723 /* Watchsweeper WatchKit App.app in Embed Watch Content */,
			);
			name = "Embed Watch Content";
			runOnlyForDeploymentPostprocessing = 0;
		};
/* End PBXCopyFilesBuildPhase section */

/* Begin PBXFileReference section */
		657CE3F8280196AE00702925 /* GameSettings.swift */ = {isa = PBXFileReference; lastKnownFileType = sourcecode.swift; path = GameSettings.swift; sourceTree = "<group>"; };
		657CE3FA280196C100702925 /* Game.swift */ = {isa = PBXFileReference; lastKnownFileType = sourcecode.swift; path = Game.swift; sourceTree = "<group>"; };
		657CE3FD2801982F00702925 /* Cell.swift */ = {isa = PBXFileReference; lastKnownFileType = sourcecode.swift; path = Cell.swift; sourceTree = "<group>"; };
		657CE3FF280198F300702925 /* CellView.swift */ = {isa = PBXFileReference; lastKnownFileType = sourcecode.swift; path = CellView.swift; sourceTree = "<group>"; };
		657CE40128019E7200702925 /* BoardView.swift */ = {isa = PBXFileReference; lastKnownFileType = sourcecode.swift; path = BoardView.swift; sourceTree = "<group>"; };
		65F159A828009110001D4723 /* Watchsweeper.app */ = {isa = PBXFileReference; explicitFileType = wrapper.application; includeInIndex = 0; path = Watchsweeper.app; sourceTree = BUILT_PRODUCTS_DIR; };
		65F159AC28009112001D4723 /* Watchsweeper WatchKit App.app */ = {isa = PBXFileReference; explicitFileType = wrapper.application; includeInIndex = 0; path = "Watchsweeper WatchKit App.app"; sourceTree = BUILT_PRODUCTS_DIR; };
		65F159B12800912C001D4723 /* Assets.xcassets */ = {isa = PBXFileReference; lastKnownFileType = folder.assetcatalog; path = Assets.xcassets; sourceTree = "<group>"; };
		65F159B72800912E001D4723 /* Watchsweeper WatchKit Extension.appex */ = {isa = PBXFileReference; explicitFileType = "wrapper.app-extension"; includeInIndex = 0; path = "Watchsweeper WatchKit Extension.appex"; sourceTree = BUILT_PRODUCTS_DIR; };
		65F159BC2800912E001D4723 /* ContentView.swift */ = {isa = PBXFileReference; lastKnownFileType = sourcecode.swift; path = ContentView.swift; sourceTree = "<group>"; };
		65F159BE2800912E001D4723 /* WatchsweeperApp.swift */ = {isa = PBXFileReference; lastKnownFileType = sourcecode.swift; path = WatchsweeperApp.swift; sourceTree = "<group>"; };
		65F159C02800912E001D4723 /* ComplicationController.swift */ = {isa = PBXFileReference; lastKnownFileType = sourcecode.swift; path = ComplicationController.swift; sourceTree = "<group>"; };
		65F159C228009132001D4723 /* Assets.xcassets */ = {isa = PBXFileReference; lastKnownFileType = folder.assetcatalog; path = Assets.xcassets; sourceTree = "<group>"; };
		65F159C528009132001D4723 /* Preview Assets.xcassets */ = {isa = PBXFileReference; lastKnownFileType = folder.assetcatalog; path = "Preview Assets.xcassets"; sourceTree = "<group>"; };
		65F159C728009132001D4723 /* Info.plist */ = {isa = PBXFileReference; lastKnownFileType = text.plist.xml; path = Info.plist; sourceTree = "<group>"; };
/* End PBXFileReference section */

/* Begin PBXFrameworksBuildPhase section */
		65F159B42800912E001D4723 /* Frameworks */ = {
			isa = PBXFrameworksBuildPhase;
			buildActionMask = 2147483647;
			files = (
			);
			runOnlyForDeploymentPostprocessing = 0;
		};
/* End PBXFrameworksBuildPhase section */

/* Begin PBXGroup section */
		657CE3FC2801981500702925 /* Helpers */ = {
			isa = PBXGroup;
			children = (
				657CE3F8280196AE00702925 /* GameSettings.swift */,
				657CE3FA280196C100702925 /* Game.swift */,
				657CE3FD2801982F00702925 /* Cell.swift */,
			);
			path = Helpers;
			sourceTree = "<group>";
		};
		65F159A12800910F001D4723 = {
			isa = PBXGroup;
			children = (
				65F159B028009112001D4723 /* Watchsweeper WatchKit App */,
				65F159BB2800912E001D4723 /* Watchsweeper WatchKit Extension */,
				65F159A928009110001D4723 /* Products */,
			);
			sourceTree = "<group>";
		};
		65F159A928009110001D4723 /* Products */ = {
			isa = PBXGroup;
			children = (
				65F159A828009110001D4723 /* Watchsweeper.app */,
				65F159AC28009112001D4723 /* Watchsweeper WatchKit App.app */,
				65F159B72800912E001D4723 /* Watchsweeper WatchKit Extension.appex */,
			);
			name = Products;
			sourceTree = "<group>";
		};
		65F159B028009112001D4723 /* Watchsweeper WatchKit App */ = {
			isa = PBXGroup;
			children = (
				65F159B12800912C001D4723 /* Assets.xcassets */,
			);
			path = "Watchsweeper WatchKit App";
			sourceTree = "<group>";
		};
		65F159BB2800912E001D4723 /* Watchsweeper WatchKit Extension */ = {
			isa = PBXGroup;
			children = (
				65F159D528009338001D4723 /* Views */,
				65F159BE2800912E001D4723 /* WatchsweeperApp.swift */,
				657CE3FC2801981500702925 /* Helpers */,
				65F159C02800912E001D4723 /* ComplicationController.swift */,
				65F159C228009132001D4723 /* Assets.xcassets */,
				65F159C728009132001D4723 /* Info.plist */,
				65F159C428009132001D4723 /* Preview Content */,
			);
			path = "Watchsweeper WatchKit Extension";
			sourceTree = "<group>";
		};
		65F159C428009132001D4723 /* Preview Content */ = {
			isa = PBXGroup;
			children = (
				65F159C528009132001D4723 /* Preview Assets.xcassets */,
			);
			path = "Preview Content";
			sourceTree = "<group>";
		};
		65F159D528009338001D4723 /* Views */ = {
			isa = PBXGroup;
			children = (
				65F159BC2800912E001D4723 /* ContentView.swift */,
				657CE40128019E7200702925 /* BoardView.swift */,
				657CE3FF280198F300702925 /* CellView.swift */,
			);
			path = Views;
			sourceTree = "<group>";
		};
/* End PBXGroup section */

/* Begin PBXNativeTarget section */
		65F159A728009110001D4723 /* Watchsweeper */ = {
			isa = PBXNativeTarget;
			buildConfigurationList = 65F159D228009132001D4723 /* Build configuration list for PBXNativeTarget "Watchsweeper" */;
			buildPhases = (
				65F159A628009110001D4723 /* Resources */,
				65F159D128009132001D4723 /* Embed Watch Content */,
			);
			buildRules = (
			);
			dependencies = (
				65F159AF28009112001D4723 /* PBXTargetDependency */,
			);
			name = Watchsweeper;
			productName = Watchsweeper;
			productReference = 65F159A828009110001D4723 /* Watchsweeper.app */;
			productType = "com.apple.product-type.application.watchapp2-container";
		};
		65F159AB28009112001D4723 /* Watchsweeper WatchKit App */ = {
			isa = PBXNativeTarget;
			buildConfigurationList = 65F159CE28009132001D4723 /* Build configuration list for PBXNativeTarget "Watchsweeper WatchKit App" */;
			buildPhases = (
				65F159AA28009112001D4723 /* Resources */,
				65F159CD28009132001D4723 /* Embed App Extensions */,
			);
			buildRules = (
			);
			dependencies = (
				65F159BA2800912E001D4723 /* PBXTargetDependency */,
			);
			name = "Watchsweeper WatchKit App";
			productName = "Watchsweeper WatchKit App";
			productReference = 65F159AC28009112001D4723 /* Watchsweeper WatchKit App.app */;
			productType = "com.apple.product-type.application.watchapp2";
		};
		65F159B62800912E001D4723 /* Watchsweeper WatchKit Extension */ = {
			isa = PBXNativeTarget;
			buildConfigurationList = 65F159CA28009132001D4723 /* Build configuration list for PBXNativeTarget "Watchsweeper WatchKit Extension" */;
			buildPhases = (
				65F159B32800912E001D4723 /* Sources */,
				65F159B42800912E001D4723 /* Frameworks */,
				65F159B52800912E001D4723 /* Resources */,
			);
			buildRules = (
			);
			dependencies = (
			);
			name = "Watchsweeper WatchKit Extension";
			productName = "Watchsweeper WatchKit Extension";
			productReference = 65F159B72800912E001D4723 /* Watchsweeper WatchKit Extension.appex */;
			productType = "com.apple.product-type.watchkit2-extension";
		};
/* End PBXNativeTarget section */

/* Begin PBXProject section */
		65F159A22800910F001D4723 /* Project object */ = {
			isa = PBXProject;
			attributes = {
				BuildIndependentTargetsInParallel = 1;
				LastSwiftUpdateCheck = 1330;
				LastUpgradeCheck = 1330;
				TargetAttributes = {
					65F159A728009110001D4723 = {
						CreatedOnToolsVersion = 13.3;
					};
					65F159AB28009112001D4723 = {
						CreatedOnToolsVersion = 13.3;
					};
					65F159B62800912E001D4723 = {
						CreatedOnToolsVersion = 13.3;
					};
				};
			};
			buildConfigurationList = 65F159A52800910F001D4723 /* Build configuration list for PBXProject "Watchsweeper" */;
			compatibilityVersion = "Xcode 13.0";
			developmentRegion = en;
			hasScannedForEncodings = 0;
			knownRegions = (
				en,
				Base,
			);
			mainGroup = 65F159A12800910F001D4723;
			productRefGroup = 65F159A928009110001D4723 /* Products */;
			projectDirPath = "";
			projectRoot = "";
			targets = (
				65F159A728009110001D4723 /* Watchsweeper */,
				65F159AB28009112001D4723 /* Watchsweeper WatchKit App */,
				65F159B62800912E001D4723 /* Watchsweeper WatchKit Extension */,
			);
		};
/* End PBXProject section */

/* Begin PBXResourcesBuildPhase section */
		65F159A628009110001D4723 /* Resources */ = {
			isa = PBXResourcesBuildPhase;
			buildActionMask = 2147483647;
			files = (
			);
			runOnlyForDeploymentPostprocessing = 0;
		};
		65F159AA28009112001D4723 /* Resources */ = {
			isa = PBXResourcesBuildPhase;
			buildActionMask = 2147483647;
			files = (
				65F159B22800912C001D4723 /* Assets.xcassets in Resources */,
			);
			runOnlyForDeploymentPostprocessing = 0;
		};
		65F159B52800912E001D4723 /* Resources */ = {
			isa = PBXResourcesBuildPhase;
			buildActionMask = 2147483647;
			files = (
				65F159C628009132001D4723 /* Preview Assets.xcassets in Resources */,
				65F159C328009132001D4723 /* Assets.xcassets in Resources */,
			);
			runOnlyForDeploymentPostprocessing = 0;
		};
/* End PBXResourcesBuildPhase section */

/* Begin PBXSourcesBuildPhase section */
		65F159B32800912E001D4723 /* Sources */ = {
			isa = PBXSourcesBuildPhase;
			buildActionMask = 2147483647;
			files = (
				65F159BD2800912E001D4723 /* ContentView.swift in Sources */,
				65F159BF2800912E001D4723 /* WatchsweeperApp.swift in Sources */,
				657CE3FB280196C100702925 /* Game.swift in Sources */,
				657CE3F9280196AE00702925 /* GameSettings.swift in Sources */,
				657CE3FE2801982F00702925 /* Cell.swift in Sources */,
				657CE40228019E7200702925 /* BoardView.swift in Sources */,
				65F159C12800912E001D4723 /* ComplicationController.swift in Sources */,
				657CE400280198F300702925 /* CellView.swift in Sources */,
			);
			runOnlyForDeploymentPostprocessing = 0;
		};
/* End PBXSourcesBuildPhase section */

/* Begin PBXTargetDependency section */
		65F159AF28009112001D4723 /* PBXTargetDependency */ = {
			isa = PBXTargetDependency;
			target = 65F159AB28009112001D4723 /* Watchsweeper WatchKit App */;
			targetProxy = 65F159AE28009112001D4723 /* PBXContainerItemProxy */;
		};
		65F159BA2800912E001D4723 /* PBXTargetDependency */ = {
			isa = PBXTargetDependency;
			target = 65F159B62800912E001D4723 /* Watchsweeper WatchKit Extension */;
			targetProxy = 65F159B92800912E001D4723 /* PBXContainerItemProxy */;
		};
/* End PBXTargetDependency section */

/* Begin XCBuildConfiguration section */
		65F159C828009132001D4723 /* Debug */ = {
			isa = XCBuildConfiguration;
			buildSettings = {
				ALWAYS_SEARCH_USER_PATHS = NO;
				CLANG_ANALYZER_NONNULL = YES;
				CLANG_ANALYZER_NUMBER_OBJECT_CONVERSION = YES_AGGRESSIVE;
				CLANG_CXX_LANGUAGE_STANDARD = "gnu++17";
				CLANG_ENABLE_MODULES = YES;
				CLANG_ENABLE_OBJC_ARC = YES;
				CLANG_ENABLE_OBJC_WEAK = YES;
				CLANG_WARN_BLOCK_CAPTURE_AUTORELEASING = YES;
				CLANG_WARN_BOOL_CONVERSION = YES;
				CLANG_WARN_COMMA = YES;
				CLANG_WARN_CONSTANT_CONVERSION = YES;
				CLANG_WARN_DEPRECATED_OBJC_IMPLEMENTATIONS = YES;
				CLANG_WARN_DIRECT_OBJC_ISA_USAGE = YES_ERROR;
				CLANG_WARN_DOCUMENTATION_COMMENTS = YES;
				CLANG_WARN_EMPTY_BODY = YES;
				CLANG_WARN_ENUM_CONVERSION = YES;
				CLANG_WARN_INFINITE_RECURSION = YES;
				CLANG_WARN_INT_CONVERSION = YES;
				CLANG_WARN_NON_LITERAL_NULL_CONVERSION = YES;
				CLANG_WARN_OBJC_IMPLICIT_RETAIN_SELF = YES;
				CLANG_WARN_OBJC_LITERAL_CONVERSION = YES;
				CLANG_WARN_OBJC_ROOT_CLASS = YES_ERROR;
				CLANG_WARN_QUOTED_INCLUDE_IN_FRAMEWORK_HEADER = YES;
				CLANG_WARN_RANGE_LOOP_ANALYSIS = YES;
				CLANG_WARN_STRICT_PROTOTYPES = YES;
				CLANG_WARN_SUSPICIOUS_MOVE = YES;
				CLANG_WARN_UNGUARDED_AVAILABILITY = YES_AGGRESSIVE;
				CLANG_WARN_UNREACHABLE_CODE = YES;
				CLANG_WARN__DUPLICATE_METHOD_MATCH = YES;
				COPY_PHASE_STRIP = NO;
				DEBUG_INFORMATION_FORMAT = dwarf;
				ENABLE_STRICT_OBJC_MSGSEND = YES;
				ENABLE_TESTABILITY = YES;
				GCC_C_LANGUAGE_STANDARD = gnu11;
				GCC_DYNAMIC_NO_PIC = NO;
				GCC_NO_COMMON_BLOCKS = YES;
				GCC_OPTIMIZATION_LEVEL = 0;
				GCC_PREPROCESSOR_DEFINITIONS = (
					"DEBUG=1",
					"$(inherited)",
				);
				GCC_WARN_64_TO_32_BIT_CONVERSION = YES;
				GCC_WARN_ABOUT_RETURN_TYPE = YES_ERROR;
				GCC_WARN_UNDECLARED_SELECTOR = YES;
				GCC_WARN_UNINITIALIZED_AUTOS = YES_AGGRESSIVE;
				GCC_WARN_UNUSED_FUNCTION = YES;
				GCC_WARN_UNUSED_VARIABLE = YES;
				MTL_ENABLE_DEBUG_INFO = INCLUDE_SOURCE;
				MTL_FAST_MATH = YES;
				ONLY_ACTIVE_ARCH = YES;
				SDKROOT = iphoneos;
				SWIFT_ACTIVE_COMPILATION_CONDITIONS = DEBUG;
				SWIFT_OPTIMIZATION_LEVEL = "-Onone";
			};
			name = Debug;
		};
		65F159C928009132001D4723 /* Release */ = {
			isa = XCBuildConfiguration;
			buildSettings = {
				ALWAYS_SEARCH_USER_PATHS = NO;
				CLANG_ANALYZER_NONNULL = YES;
				CLANG_ANALYZER_NUMBER_OBJECT_CONVERSION = YES_AGGRESSIVE;
				CLANG_CXX_LANGUAGE_STANDARD = "gnu++17";
				CLANG_ENABLE_MODULES = YES;
				CLANG_ENABLE_OBJC_ARC = YES;
				CLANG_ENABLE_OBJC_WEAK = YES;
				CLANG_WARN_BLOCK_CAPTURE_AUTORELEASING = YES;
				CLANG_WARN_BOOL_CONVERSION = YES;
				CLANG_WARN_COMMA = YES;
				CLANG_WARN_CONSTANT_CONVERSION = YES;
				CLANG_WARN_DEPRECATED_OBJC_IMPLEMENTATIONS = YES;
				CLANG_WARN_DIRECT_OBJC_ISA_USAGE = YES_ERROR;
				CLANG_WARN_DOCUMENTATION_COMMENTS = YES;
				CLANG_WARN_EMPTY_BODY = YES;
				CLANG_WARN_ENUM_CONVERSION = YES;
				CLANG_WARN_INFINITE_RECURSION = YES;
				CLANG_WARN_INT_CONVERSION = YES;
				CLANG_WARN_NON_LITERAL_NULL_CONVERSION = YES;
				CLANG_WARN_OBJC_IMPLICIT_RETAIN_SELF = YES;
				CLANG_WARN_OBJC_LITERAL_CONVERSION = YES;
				CLANG_WARN_OBJC_ROOT_CLASS = YES_ERROR;
				CLANG_WARN_QUOTED_INCLUDE_IN_FRAMEWORK_HEADER = YES;
				CLANG_WARN_RANGE_LOOP_ANALYSIS = YES;
				CLANG_WARN_STRICT_PROTOTYPES = YES;
				CLANG_WARN_SUSPICIOUS_MOVE = YES;
				CLANG_WARN_UNGUARDED_AVAILABILITY = YES_AGGRESSIVE;
				CLANG_WARN_UNREACHABLE_CODE = YES;
				CLANG_WARN__DUPLICATE_METHOD_MATCH = YES;
				COPY_PHASE_STRIP = NO;
				DEBUG_INFORMATION_FORMAT = "dwarf-with-dsym";
				ENABLE_NS_ASSERTIONS = NO;
				ENABLE_STRICT_OBJC_MSGSEND = YES;
				GCC_C_LANGUAGE_STANDARD = gnu11;
				GCC_NO_COMMON_BLOCKS = YES;
				GCC_WARN_64_TO_32_BIT_CONVERSION = YES;
				GCC_WARN_ABOUT_RETURN_TYPE = YES_ERROR;
				GCC_WARN_UNDECLARED_SELECTOR = YES;
				GCC_WARN_UNINITIALIZED_AUTOS = YES_AGGRESSIVE;
				GCC_WARN_UNUSED_FUNCTION = YES;
				GCC_WARN_UNUSED_VARIABLE = YES;
				MTL_ENABLE_DEBUG_INFO = NO;
				MTL_FAST_MATH = YES;
				SDKROOT = iphoneos;
				SWIFT_COMPILATION_MODE = wholemodule;
				SWIFT_OPTIMIZATION_LEVEL = "-O";
				VALIDATE_PRODUCT = YES;
			};
			name = Release;
		};
		65F159CB28009132001D4723 /* Debug */ = {
			isa = XCBuildConfiguration;
			buildSettings = {
				ASSETCATALOG_COMPILER_COMPLICATION_NAME = Complication;
				CODE_SIGN_STYLE = Automatic;
				CURRENT_PROJECT_VERSION = 1;
				DEVELOPMENT_ASSET_PATHS = "\"Watchsweeper WatchKit Extension/Preview Content\"";
				DEVELOPMENT_TEAM = GQ8VJZ95NP;
				ENABLE_PREVIEWS = YES;
				GENERATE_INFOPLIST_FILE = YES;
				INFOPLIST_FILE = "Watchsweeper WatchKit Extension/Info.plist";
				INFOPLIST_KEY_CFBundleDisplayName = "Watchsweeper WatchKit Extension";
				INFOPLIST_KEY_CLKComplicationPrincipalClass = "$(PRODUCT_MODULE_NAME).ComplicationController";
				INFOPLIST_KEY_NSHumanReadableCopyright = "";
				INFOPLIST_KEY_WKWatchOnly = YES;
				LD_RUNPATH_SEARCH_PATHS = (
					"$(inherited)",
					"@executable_path/Frameworks",
					"@executable_path/../../Frameworks",
				);
				MARKETING_VERSION = 1.0;
				PRODUCT_BUNDLE_IDENTIFIER = com.doc.Watchsweeper.watchkitapp.watchkitextension;
				PRODUCT_NAME = "${TARGET_NAME}";
				SDKROOT = watchos;
				SKIP_INSTALL = YES;
				SWIFT_EMIT_LOC_STRINGS = YES;
				SWIFT_VERSION = 5.0;
				TARGETED_DEVICE_FAMILY = 4;
				WATCHOS_DEPLOYMENT_TARGET = 8.5;
			};
			name = Debug;
		};
		65F159CC28009132001D4723 /* Release */ = {
			isa = XCBuildConfiguration;
			buildSettings = {
				ASSETCATALOG_COMPILER_COMPLICATION_NAME = Complication;
				CODE_SIGN_STYLE = Automatic;
				CURRENT_PROJECT_VERSION = 1;
				DEVELOPMENT_ASSET_PATHS = "\"Watchsweeper WatchKit Extension/Preview Content\"";
				DEVELOPMENT_TEAM = GQ8VJZ95NP;
				ENABLE_PREVIEWS = YES;
				GENERATE_INFOPLIST_FILE = YES;
				INFOPLIST_FILE = "Watchsweeper WatchKit Extension/Info.plist";
				INFOPLIST_KEY_CFBundleDisplayName = "Watchsweeper WatchKit Extension";
				INFOPLIST_KEY_CLKComplicationPrincipalClass = "$(PRODUCT_MODULE_NAME).ComplicationController";
				INFOPLIST_KEY_NSHumanReadableCopyright = "";
				INFOPLIST_KEY_WKWatchOnly = YES;
				LD_RUNPATH_SEARCH_PATHS = (
					"$(inherited)",
					"@executable_path/Frameworks",
					"@executable_path/../../Frameworks",
				);
				MARKETING_VERSION = 1.0;
				PRODUCT_BUNDLE_IDENTIFIER = com.doc.Watchsweeper.watchkitapp.watchkitextension;
				PRODUCT_NAME = "${TARGET_NAME}";
				SDKROOT = watchos;
				SKIP_INSTALL = YES;
				SWIFT_EMIT_LOC_STRINGS = YES;
				SWIFT_VERSION = 5.0;
				TARGETED_DEVICE_FAMILY = 4;
				WATCHOS_DEPLOYMENT_TARGET = 8.5;
			};
			name = Release;
		};
		65F159CF28009132001D4723 /* Debug */ = {
			isa = XCBuildConfiguration;
			buildSettings = {
				ALWAYS_EMBED_SWIFT_STANDARD_LIBRARIES = YES;
				ASSETCATALOG_COMPILER_APPICON_NAME = AppIcon;
				ASSETCATALOG_COMPILER_GLOBAL_ACCENT_COLOR_NAME = AccentColor;
				CODE_SIGN_STYLE = Automatic;
				CURRENT_PROJECT_VERSION = 1;
				DEVELOPMENT_TEAM = GQ8VJZ95NP;
				GENERATE_INFOPLIST_FILE = YES;
				IBSC_MODULE = Watchsweeper_WatchKit_Extension;
				INFOPLIST_KEY_CFBundleDisplayName = "Watchsweeper WatchKit App";
				INFOPLIST_KEY_UISupportedInterfaceOrientations = "UIInterfaceOrientationPortrait UIInterfaceOrientationPortraitUpsideDown";
				MARKETING_VERSION = 1.0;
				PRODUCT_BUNDLE_IDENTIFIER = com.doc.Watchsweeper.watchkitapp;
				PRODUCT_NAME = "$(TARGET_NAME)";
				SDKROOT = watchos;
				SKIP_INSTALL = YES;
				SWIFT_EMIT_LOC_STRINGS = YES;
				SWIFT_VERSION = 5.0;
				TARGETED_DEVICE_FAMILY = 4;
				WATCHOS_DEPLOYMENT_TARGET = 8.5;
			};
			name = Debug;
		};
		65F159D028009132001D4723 /* Release */ = {
			isa = XCBuildConfiguration;
			buildSettings = {
				ALWAYS_EMBED_SWIFT_STANDARD_LIBRARIES = YES;
				ASSETCATALOG_COMPILER_APPICON_NAME = AppIcon;
				ASSETCATALOG_COMPILER_GLOBAL_ACCENT_COLOR_NAME = AccentColor;
				CODE_SIGN_STYLE = Automatic;
				CURRENT_PROJECT_VERSION = 1;
				DEVELOPMENT_TEAM = GQ8VJZ95NP;
				GENERATE_INFOPLIST_FILE = YES;
				IBSC_MODULE = Watchsweeper_WatchKit_Extension;
				INFOPLIST_KEY_CFBundleDisplayName = "Watchsweeper WatchKit App";
				INFOPLIST_KEY_UISupportedInterfaceOrientations = "UIInterfaceOrientationPortrait UIInterfaceOrientationPortraitUpsideDown";
				MARKETING_VERSION = 1.0;
				PRODUCT_BUNDLE_IDENTIFIER = com.doc.Watchsweeper.watchkitapp;
				PRODUCT_NAME = "$(TARGET_NAME)";
				SDKROOT = watchos;
				SKIP_INSTALL = YES;
				SWIFT_EMIT_LOC_STRINGS = YES;
				SWIFT_VERSION = 5.0;
				TARGETED_DEVICE_FAMILY = 4;
				WATCHOS_DEPLOYMENT_TARGET = 8.5;
			};
			name = Release;
		};
		65F159D328009132001D4723 /* Debug */ = {
			isa = XCBuildConfiguration;
			buildSettings = {
				CODE_SIGN_STYLE = Automatic;
				CURRENT_PROJECT_VERSION = 1;
				DEVELOPMENT_TEAM = GQ8VJZ95NP;
				MARKETING_VERSION = 1.0;
				PRODUCT_BUNDLE_IDENTIFIER = com.doc.Watchsweeper;
				PRODUCT_NAME = "$(TARGET_NAME)";
				SWIFT_VERSION = 5.0;
			};
			name = Debug;
		};
		65F159D428009132001D4723 /* Release */ = {
			isa = XCBuildConfiguration;
			buildSettings = {
				CODE_SIGN_STYLE = Automatic;
				CURRENT_PROJECT_VERSION = 1;
				DEVELOPMENT_TEAM = GQ8VJZ95NP;
				MARKETING_VERSION = 1.0;
				PRODUCT_BUNDLE_IDENTIFIER = com.doc.Watchsweeper;
				PRODUCT_NAME = "$(TARGET_NAME)";
				SWIFT_VERSION = 5.0;
			};
			name = Release;
		};
/* End XCBuildConfiguration section */

/* Begin XCConfigurationList section */
		65F159A52800910F001D4723 /* Build configuration list for PBXProject "Watchsweeper" */ = {
			isa = XCConfigurationList;
			buildConfigurations = (
				65F159C828009132001D4723 /* Debug */,
				65F159C928009132001D4723 /* Release */,
			);
			defaultConfigurationIsVisible = 0;
			defaultConfigurationName = Release;
		};
		65F159CA28009132001D4723 /* Build configuration list for PBXNativeTarget "Watchsweeper WatchKit Extension" */ = {
			isa = XCConfigurationList;
			buildConfigurations = (
				65F159CB28009132001D4723 /* Debug */,
				65F159CC28009132001D4723 /* Release */,
			);
			defaultConfigurationIsVisible = 0;
			defaultConfigurationName = Release;
		};
		65F159CE28009132001D4723 /* Build configuration list for PBXNativeTarget "Watchsweeper WatchKit App" */ = {
			isa = XCConfigurationList;
			buildConfigurations = (
				65F159CF28009132001D4723 /* Debug */,
				65F159D028009132001D4723 /* Release */,
			);
			defaultConfigurationIsVisible = 0;
			defaultConfigurationName = Release;
		};
		65F159D228009132001D4723 /* Build configuration list for PBXNativeTarget "Watchsweeper" */ = {
			isa = XCConfigurationList;
			buildConfigurations = (
				65F159D328009132001D4723 /* Debug */,
				65F159D428009132001D4723 /* Release */,
			);
			defaultConfigurationIsVisible = 0;
			defaultConfigurationName = Release;
		};
/* End XCConfigurationList section */
	};
	rootObject = 65F159A22800910F001D4723 /* Project object */;
}
